// !$*UTF8*$!
{
	archiveVersion = 1;
	classes = {
	};
	objectVersion = 48;
	objects = {

/* Begin PBXBuildFile section */
		3B78571A1FDC5BC0000A1250 /* AppDelegate.swift in Sources */ = {isa = PBXBuildFile; fileRef = 3B7857191FDC5BC0000A1250 /* AppDelegate.swift */; };
		3B78571C1FDC5BC0000A1250 /* WelcomeVC.swift in Sources */ = {isa = PBXBuildFile; fileRef = 3B78571B1FDC5BC0000A1250 /* WelcomeVC.swift */; };
		3B78571F1FDC5BC0000A1250 /* Main.storyboard in Resources */ = {isa = PBXBuildFile; fileRef = 3B78571D1FDC5BC0000A1250 /* Main.storyboard */; };
		3B7857211FDC5BC0000A1250 /* Assets.xcassets in Resources */ = {isa = PBXBuildFile; fileRef = 3B7857201FDC5BC0000A1250 /* Assets.xcassets */; };
		3B7857241FDC5BC0000A1250 /* LaunchScreen.storyboard in Resources */ = {isa = PBXBuildFile; fileRef = 3B7857221FDC5BC0000A1250 /* LaunchScreen.storyboard */; };
		3B78572D1FDC6C06000A1250 /* BorderButton.swift in Sources */ = {isa = PBXBuildFile; fileRef = 3B78572C1FDC6C06000A1250 /* BorderButton.swift */; };
		3B7857351FDCEF7C000A1250 /* LeagueVC.swift in Sources */ = {isa = PBXBuildFile; fileRef = 3B7857341FDCEF7C000A1250 /* LeagueVC.swift */; };
		3B7857371FDCEF8C000A1250 /* SkillVC.swift in Sources */ = {isa = PBXBuildFile; fileRef = 3B7857361FDCEF8C000A1250 /* SkillVC.swift */; };
/* End PBXBuildFile section */

/* Begin PBXFileReference section */
		3B7857161FDC5BC0000A1250 /* app-swoosh.app */ = {isa = PBXFileReference; explicitFileType = wrapper.application; includeInIndex = 0; path = "app-swoosh.app"; sourceTree = BUILT_PRODUCTS_DIR; };
		3B7857191FDC5BC0000A1250 /* AppDelegate.swift */ = {isa = PBXFileReference; lastKnownFileType = sourcecode.swift; path = AppDelegate.swift; sourceTree = "<group>"; };
		3B78571B1FDC5BC0000A1250 /* WelcomeVC.swift */ = {isa = PBXFileReference; lastKnownFileType = sourcecode.swift; path = WelcomeVC.swift; sourceTree = "<group>"; };
		3B78571E1FDC5BC0000A1250 /* Base */ = {isa = PBXFileReference; lastKnownFileType = file.storyboard; name = Base; path = Base.lproj/Main.storyboard; sourceTree = "<group>"; };
		3B7857201FDC5BC0000A1250 /* Assets.xcassets */ = {isa = PBXFileReference; lastKnownFileType = folder.assetcatalog; path = Assets.xcassets; sourceTree = "<group>"; };
		3B7857231FDC5BC0000A1250 /* Base */ = {isa = PBXFileReference; lastKnownFileType = file.storyboard; name = Base; path = Base.lproj/LaunchScreen.storyboard; sourceTree = "<group>"; };
		3B7857251FDC5BC0000A1250 /* Info.plist */ = {isa = PBXFileReference; lastKnownFileType = text.plist.xml; path = Info.plist; sourceTree = "<group>"; };
		3B78572C1FDC6C06000A1250 /* BorderButton.swift */ = {isa = PBXFileReference; lastKnownFileType = sourcecode.swift; path = BorderButton.swift; sourceTree = "<group>"; };
		3B7857341FDCEF7C000A1250 /* LeagueVC.swift */ = {isa = PBXFileReference; lastKnownFileType = sourcecode.swift; path = LeagueVC.swift; sourceTree = "<group>"; };
		3B7857361FDCEF8C000A1250 /* SkillVC.swift */ = {isa = PBXFileReference; lastKnownFileType = sourcecode.swift; path = SkillVC.swift; sourceTree = "<group>"; };
/* End PBXFileReference section */

/* Begin PBXFrameworksBuildPhase section */
		3B7857131FDC5BC0000A1250 /* Frameworks */ = {
			isa = PBXFrameworksBuildPhase;
			buildActionMask = 2147483647;
			files = (
			);
			runOnlyForDeploymentPostprocessing = 0;
		};
/* End PBXFrameworksBuildPhase section */

/* Begin PBXGroup section */
		3B78570D1FDC5BC0000A1250 = {
			isa = PBXGroup;
			children = (
				3B7857181FDC5BC0000A1250 /* app-swoosh */,
				3B7857171FDC5BC0000A1250 /* Products */,
			);
			sourceTree = "<group>";
		};
		3B7857171FDC5BC0000A1250 /* Products */ = {
			isa = PBXGroup;
			children = (
				3B7857161FDC5BC0000A1250 /* app-swoosh.app */,
			);
			name = Products;
			sourceTree = "<group>";
		};
		3B7857181FDC5BC0000A1250 /* app-swoosh */ = {
			isa = PBXGroup;
			children = (
				3B7857331FDCEE71000A1250 /* Model */,
				3B7857321FDCEE5F000A1250 /* Controller */,
				3B78572B1FDC6AF6000A1250 /* View */,
				3B7857191FDC5BC0000A1250 /* AppDelegate.swift */,
				3B78571D1FDC5BC0000A1250 /* Main.storyboard */,
				3B7857201FDC5BC0000A1250 /* Assets.xcassets */,
				3B7857221FDC5BC0000A1250 /* LaunchScreen.storyboard */,
				3B7857251FDC5BC0000A1250 /* Info.plist */,
			);
			path = "app-swoosh";
			sourceTree = "<group>";
		};
		3B78572B1FDC6AF6000A1250 /* View */ = {
			isa = PBXGroup;
			children = (
				3B78572C1FDC6C06000A1250 /* BorderButton.swift */,
			);
			path = View;
			sourceTree = "<group>";
		};
		3B7857321FDCEE5F000A1250 /* Controller */ = {
			isa = PBXGroup;
			children = (
				3B78571B1FDC5BC0000A1250 /* WelcomeVC.swift */,
				3B7857341FDCEF7C000A1250 /* LeagueVC.swift */,
				3B7857361FDCEF8C000A1250 /* SkillVC.swift */,
			);
			path = Controller;
			sourceTree = "<group>";
		};
		3B7857331FDCEE71000A1250 /* Model */ = {
			isa = PBXGroup;
			children = (
			);
			path = Model;
			sourceTree = "<group>";
		};
/* End PBXGroup section */

/* Begin PBXNativeTarget section */
		3B7857151FDC5BC0000A1250 /* app-swoosh */ = {
			isa = PBXNativeTarget;
			buildConfigurationList = 3B7857281FDC5BC1000A1250 /* Build configuration list for PBXNativeTarget "app-swoosh" */;
			buildPhases = (
				3B7857121FDC5BC0000A1250 /* Sources */,
				3B7857131FDC5BC0000A1250 /* Frameworks */,
				3B7857141FDC5BC0000A1250 /* Resources */,
			);
			buildRules = (
			);
			dependencies = (
			);
			name = "app-swoosh";
			productName = "app-swoosh";
			productReference = 3B7857161FDC5BC0000A1250 /* app-swoosh.app */;
			productType = "com.apple.product-type.application";
		};
/* End PBXNativeTarget section */

/* Begin PBXProject section */
		3B78570E1FDC5BC0000A1250 /* Project object */ = {
			isa = PBXProject;
			attributes = {
				LastSwiftUpdateCheck = 0920;
				LastUpgradeCheck = 0920;
				ORGANIZATIONNAME = "Jenna Hakki";
				TargetAttributes = {
					3B7857151FDC5BC0000A1250 = {
						CreatedOnToolsVersion = 9.2;
						ProvisioningStyle = Automatic;
					};
				};
			};
			buildConfigurationList = 3B7857111FDC5BC0000A1250 /* Build configuration list for PBXProject "app-swoosh" */;
			compatibilityVersion = "Xcode 8.0";
			developmentRegion = en;
			hasScannedForEncodings = 0;
			knownRegions = (
				en,
				Base,
			);
			mainGroup = 3B78570D1FDC5BC0000A1250;
			productRefGroup = 3B7857171FDC5BC0000A1250 /* Products */;
			projectDirPath = "";
			projectRoot = "";
			targets = (
				3B7857151FDC5BC0000A1250 /* app-swoosh */,
			);
		};
/* End PBXProject section */

/* Begin PBXResourcesBuildPhase section */
		3B7857141FDC5BC0000A1250 /* Resources */ = {
			isa = PBXResourcesBuildPhase;
			buildActionMask = 2147483647;
			files = (
				3B7857241FDC5BC0000A1250 /* LaunchScreen.storyboard in Resources */,
				3B7857211FDC5BC0000A1250 /* Assets.xcassets in Resources */,
				3B78571F1FDC5BC0000A1250 /* Main.storyboard in Resources */,
			);
			runOnlyForDeploymentPostprocessing = 0;
		};
/* End PBXResourcesBuildPhase section */

/* Begin PBXSourcesBuildPhase section */
		3B7857121FDC5BC0000A1250 /* Sources */ = {
			isa = PBXSourcesBuildPhase;
			buildActionMask = 2147483647;
			files = (
				3B78571C1FDC5BC0000A1250 /* WelcomeVC.swift in Sources */,
				3B7857351FDCEF7C000A1250 /* LeagueVC.swift in Sources */,
				3B78571A1FDC5BC0000A1250 /* AppDelegate.swift in Sources */,
				3B7857371FDCEF8C000A1250 /* SkillVC.swift in Sources */,
				3B78572D1FDC6C06000A1250 /* BorderButton.swift in Sources */,
			);
			runOnlyForDeploymentPostprocessing = 0;
		};
/* End PBXSourcesBuildPhase section */

/* Begin PBXVariantGroup section */
		3B78571D1FDC5BC0000A1250 /* Main.storyboard */ = {
			isa = PBXVariantGroup;
			children = (
				3B78571E1FDC5BC0000A1250 /* Base */,
			);
			name = Main.storyboard;
			sourceTree = "<group>";
		};
		3B7857221FDC5BC0000A1250 /* LaunchScreen.storyboard */ = {
			isa = PBXVariantGroup;
			children = (
				3B7857231FDC5BC0000A1250 /* Base */,
			);
			name = LaunchScreen.storyboard;
			sourceTree = "<group>";
		};
/* End PBXVariantGroup section */

/* Begin XCBuildConfiguration section */
		3B7857261FDC5BC0000A1250 /* Debug */ = {
			isa = XCBuildConfiguration;
			buildSettings = {
				ALWAYS_SEARCH_USER_PATHS = NO;
				CLANG_ANALYZER_NONNULL = YES;
				CLANG_ANALYZER_NUMBER_OBJECT_CONVERSION = YES_AGGRESSIVE;
				CLANG_CXX_LANGUAGE_STANDARD = "gnu++14";
				CLANG_CXX_LIBRARY = "libc++";
				CLANG_ENABLE_MODULES = YES;
				CLANG_ENABLE_OBJC_ARC = YES;
				CLANG_WARN_BLOCK_CAPTURE_AUTORELEASING = YES;
				CLANG_WARN_BOOL_CONVERSION = YES;
				CLANG_WARN_COMMA = YES;
				CLANG_WARN_CONSTANT_CONVERSION = YES;
				CLANG_WARN_DIRECT_OBJC_ISA_USAGE = YES_ERROR;
				CLANG_WARN_DOCUMENTATION_COMMENTS = YES;
				CLANG_WARN_EMPTY_BODY = YES;
				CLANG_WARN_ENUM_CONVERSION = YES;
				CLANG_WARN_INFINITE_RECURSION = YES;
				CLANG_WARN_INT_CONVERSION = YES;
				CLANG_WARN_NON_LITERAL_NULL_CONVERSION = YES;
				CLANG_WARN_OBJC_LITERAL_CONVERSION = YES;
				CLANG_WARN_OBJC_ROOT_CLASS = YES_ERROR;
				CLANG_WARN_RANGE_LOOP_ANALYSIS = YES;
				CLANG_WARN_STRICT_PROTOTYPES = YES;
				CLANG_WARN_SUSPICIOUS_MOVE = YES;
				CLANG_WARN_UNGUARDED_AVAILABILITY = YES_AGGRESSIVE;
				CLANG_WARN_UNREACHABLE_CODE = YES;
				CLANG_WARN__DUPLICATE_METHOD_MATCH = YES;
				CODE_SIGN_IDENTITY = "iPhone Developer";
				COPY_PHASE_STRIP = NO;
				DEBUG_INFORMATION_FORMAT = dwarf;
				ENABLE_STRICT_OBJC_MSGSEND = YES;
				ENABLE_TESTABILITY = YES;
				GCC_C_LANGUAGE_STANDARD = gnu11;
				GCC_DYNAMIC_NO_PIC = NO;
				GCC_NO_COMMON_BLOCKS = YES;
				GCC_OPTIMIZATION_LEVEL = 0;
				GCC_PREPROCESSOR_DEFINITIONS = (
					"DEBUG=1",
					"$(inherited)",
				);
				GCC_WARN_64_TO_32_BIT_CONVERSION = YES;
				GCC_WARN_ABOUT_RETURN_TYPE = YES_ERROR;
				GCC_WARN_UNDECLARED_SELECTOR = YES;
				GCC_WARN_UNINITIALIZED_AUTOS = YES_AGGRESSIVE;
				GCC_WARN_UNUSED_FUNCTION = YES;
				GCC_WARN_UNUSED_VARIABLE = YES;
				IPHONEOS_DEPLOYMENT_TARGET = 11.2;
				MTL_ENABLE_DEBUG_INFO = YES;
				ONLY_ACTIVE_ARCH = YES;
				SDKROOT = iphoneos;
				SWIFT_ACTIVE_COMPILATION_CONDITIONS = DEBUG;
				SWIFT_OPTIMIZATION_LEVEL = "-Onone";
			};
			name = Debug;
		};
		3B7857271FDC5BC0000A1250 /* Release */ = {
			isa = XCBuildConfiguration;
			buildSettings = {
				ALWAYS_SEARCH_USER_PATHS = NO;
				CLANG_ANALYZER_NONNULL = YES;
				CLANG_ANALYZER_NUMBER_OBJECT_CONVERSION = YES_AGGRESSIVE;
				CLANG_CXX_LANGUAGE_STANDARD = "gnu++14";
				CLANG_CXX_LIBRARY = "libc++";
				CLANG_ENABLE_MODULES = YES;
				CLANG_ENABLE_OBJC_ARC = YES;
				CLANG_WARN_BLOCK_CAPTURE_AUTORELEASING = YES;
				CLANG_WARN_BOOL_CONVERSION = YES;
				CLANG_WARN_COMMA = YES;
				CLANG_WARN_CONSTANT_CONVERSION = YES;
				CLANG_WARN_DIRECT_OBJC_ISA_USAGE = YES_ERROR;
				CLANG_WARN_DOCUMENTATION_COMMENTS = YES;
				CLANG_WARN_EMPTY_BODY = YES;
				CLANG_WARN_ENUM_CONVERSION = YES;
				CLANG_WARN_INFINITE_RECURSION = YES;
				CLANG_WARN_INT_CONVERSION = YES;
				CLANG_WARN_NON_LITERAL_NULL_CONVERSION = YES;
				CLANG_WARN_OBJC_LITERAL_CONVERSION = YES;
				CLANG_WARN_OBJC_ROOT_CLASS = YES_ERROR;
				CLANG_WARN_RANGE_LOOP_ANALYSIS = YES;
				CLANG_WARN_STRICT_PROTOTYPES = YES;
				CLANG_WARN_SUSPICIOUS_MOVE = YES;
				CLANG_WARN_UNGUARDED_AVAILABILITY = YES_AGGRESSIVE;
				CLANG_WARN_UNREACHABLE_CODE = YES;
				CLANG_WARN__DUPLICATE_METHOD_MATCH = YES;
				CODE_SIGN_IDENTITY = "iPhone Developer";
				COPY_PHASE_STRIP = NO;
				DEBUG_INFORMATION_FORMAT = "dwarf-with-dsym";
				ENABLE_NS_ASSERTIONS = NO;
				ENABLE_STRICT_OBJC_MSGSEND = YES;
				GCC_C_LANGUAGE_STANDARD = gnu11;
				GCC_NO_COMMON_BLOCKS = YES;
				GCC_WARN_64_TO_32_BIT_CONVERSION = YES;
				GCC_WARN_ABOUT_RETURN_TYPE = YES_ERROR;
				GCC_WARN_UNDECLARED_SELECTOR = YES;
				GCC_WARN_UNINITIALIZED_AUTOS = YES_AGGRESSIVE;
				GCC_WARN_UNUSED_FUNCTION = YES;
				GCC_WARN_UNUSED_VARIABLE = YES;
				IPHONEOS_DEPLOYMENT_TARGET = 11.2;
				MTL_ENABLE_DEBUG_INFO = NO;
				SDKROOT = iphoneos;
				SWIFT_OPTIMIZATION_LEVEL = "-Owholemodule";
				VALIDATE_PRODUCT = YES;
			};
			name = Release;
		};
		3B7857291FDC5BC1000A1250 /* Debug */ = {
			isa = XCBuildConfiguration;
			buildSettings = {
				ASSETCATALOG_COMPILER_APPICON_NAME = AppIcon;
				CODE_SIGN_STYLE = Automatic;
				INFOPLIST_FILE = "app-swoosh/Info.plist";
				LD_RUNPATH_SEARCH_PATHS = "$(inherited) @executable_path/Frameworks";
				PRODUCT_BUNDLE_IDENTIFIER = "com.app-swoosh";
				PRODUCT_NAME = "$(TARGET_NAME)";
				SWIFT_VERSION = 4.0;
				TARGETED_DEVICE_FAMILY = "1,2";
			};
			name = Debug;
		};
		3B78572A1FDC5BC1000A1250 /* Release */ = {
			isa = XCBuildConfiguration;
			buildSettings = {
				ASSETCATALOG_COMPILER_APPICON_NAME = AppIcon;
				CODE_SIGN_STYLE = Automatic;
				INFOPLIST_FILE = "app-swoosh/Info.plist";
				LD_RUNPATH_SEARCH_PATHS = "$(inherited) @executable_path/Frameworks";
				PRODUCT_BUNDLE_IDENTIFIER = "com.app-swoosh";
				PRODUCT_NAME = "$(TARGET_NAME)";
				SWIFT_VERSION = 4.0;
				TARGETED_DEVICE_FAMILY = "1,2";
			};
			name = Release;
		};
/* End XCBuildConfiguration section */

/* Begin XCConfigurationList section */
		3B7857111FDC5BC0000A1250 /* Build configuration list for PBXProject "app-swoosh" */ = {
			isa = XCConfigurationList;
			buildConfigurations = (
				3B7857261FDC5BC0000A1250 /* Debug */,
				3B7857271FDC5BC0000A1250 /* Release */,
			);
			defaultConfigurationIsVisible = 0;
			defaultConfigurationName = Release;
		};
		3B7857281FDC5BC1000A1250 /* Build configuration list for PBXNativeTarget "app-swoosh" */ = {
			isa = XCConfigurationList;
			buildConfigurations = (
				3B7857291FDC5BC1000A1250 /* Debug */,
				3B78572A1FDC5BC1000A1250 /* Release */,
			);
			defaultConfigurationIsVisible = 0;
			defaultConfigurationName = Release;
		};
/* End XCConfigurationList section */
	};
	rootObject = 3B78570E1FDC5BC0000A1250 /* Project object */;
}
